// !$*UTF8*$!
{
	archiveVersion = 1;
	classes = {
	};
	objectVersion = 56;
	objects = {

/* Begin PBXBuildFile section */
		388CCD422927BA280057763F /* CoffeshopFinderApp.swift in Sources */ = {isa = PBXBuildFile; fileRef = 388CCD412927BA280057763F /* CoffeshopFinderApp.swift */; };
		388CCD442927BA280057763F /* ContentView.swift in Sources */ = {isa = PBXBuildFile; fileRef = 388CCD432927BA280057763F /* ContentView.swift */; };
		388CCD462927BA2B0057763F /* Assets.xcassets in Resources */ = {isa = PBXBuildFile; fileRef = 388CCD452927BA2B0057763F /* Assets.xcassets */; };
		388CCD492927BA2B0057763F /* Preview Assets.xcassets in Resources */ = {isa = PBXBuildFile; fileRef = 388CCD482927BA2B0057763F /* Preview Assets.xcassets */; };
		38BC21E1293B52FF006DD310 /* DetailsView.swift in Sources */ = {isa = PBXBuildFile; fileRef = 38BC21E0293B52FF006DD310 /* DetailsView.swift */; };
		38BC21E5293B5353006DD310 /* CoffeeshopListView.swift in Sources */ = {isa = PBXBuildFile; fileRef = 38BC21E4293B5353006DD310 /* CoffeeshopListView.swift */; };
		38BC21E8293B61B7006DD310 /* ActivityView in Frameworks */ = {isa = PBXBuildFile; productRef = 38BC21E7293B61B7006DD310 /* ActivityView */; };
		38BC21EC293B9178006DD310 /* Coffeeshop.swift in Sources */ = {isa = PBXBuildFile; fileRef = 38BC21EB293B9178006DD310 /* Coffeeshop.swift */; };
		38BC21EF293B9530006DD310 /* CachedAsyncImage in Frameworks */ = {isa = PBXBuildFile; productRef = 38BC21EE293B9530006DD310 /* CachedAsyncImage */; };
/* End PBXBuildFile section */

/* Begin PBXFileReference section */
		388CCD3E2927BA280057763F /* CoffeshopFinder.app */ = {isa = PBXFileReference; explicitFileType = wrapper.application; includeInIndex = 0; path = CoffeshopFinder.app; sourceTree = BUILT_PRODUCTS_DIR; };
		388CCD412927BA280057763F /* CoffeshopFinderApp.swift */ = {isa = PBXFileReference; lastKnownFileType = sourcecode.swift; path = CoffeshopFinderApp.swift; sourceTree = "<group>"; };
		388CCD432927BA280057763F /* ContentView.swift */ = {isa = PBXFileReference; lastKnownFileType = sourcecode.swift; path = ContentView.swift; sourceTree = "<group>"; };
		388CCD452927BA2B0057763F /* Assets.xcassets */ = {isa = PBXFileReference; lastKnownFileType = folder.assetcatalog; path = Assets.xcassets; sourceTree = "<group>"; };
		388CCD482927BA2B0057763F /* Preview Assets.xcassets */ = {isa = PBXFileReference; lastKnownFileType = folder.assetcatalog; path = "Preview Assets.xcassets"; sourceTree = "<group>"; };
		38BC21E0293B52FF006DD310 /* DetailsView.swift */ = {isa = PBXFileReference; lastKnownFileType = sourcecode.swift; path = DetailsView.swift; sourceTree = "<group>"; };
		38BC21E4293B5353006DD310 /* CoffeeshopListView.swift */ = {isa = PBXFileReference; lastKnownFileType = sourcecode.swift; path = CoffeeshopListView.swift; sourceTree = "<group>"; };
		38BC21EB293B9178006DD310 /* Coffeeshop.swift */ = {isa = PBXFileReference; lastKnownFileType = sourcecode.swift; path = Coffeeshop.swift; sourceTree = "<group>"; };
/* End PBXFileReference section */

/* Begin PBXFrameworksBuildPhase section */
		388CCD3B2927BA280057763F /* Frameworks */ = {
			isa = PBXFrameworksBuildPhase;
			buildActionMask = 2147483647;
			files = (
				38BC21E8293B61B7006DD310 /* ActivityView in Frameworks */,
				38BC21EF293B9530006DD310 /* CachedAsyncImage in Frameworks */,
			);
			runOnlyForDeploymentPostprocessing = 0;
		};
/* End PBXFrameworksBuildPhase section */

/* Begin PBXGroup section */
		388CCD352927BA280057763F = {
			isa = PBXGroup;
			children = (
				388CCD402927BA280057763F /* CoffeshopFinder */,
				388CCD3F2927BA280057763F /* Products */,
			);
			sourceTree = "<group>";
		};
		388CCD3F2927BA280057763F /* Products */ = {
			isa = PBXGroup;
			children = (
				388CCD3E2927BA280057763F /* CoffeshopFinder.app */,
			);
			name = Products;
			sourceTree = "<group>";
		};
		388CCD402927BA280057763F /* CoffeshopFinder */ = {
			isa = PBXGroup;
			children = (
				38BC21DD293B5274006DD310 /* Model */,
				38BC21DB293B5269006DD310 /* View */,
				388CCD412927BA280057763F /* CoffeshopFinderApp.swift */,
				388CCD432927BA280057763F /* ContentView.swift */,
				388CCD452927BA2B0057763F /* Assets.xcassets */,
				388CCD472927BA2B0057763F /* Preview Content */,
			);
			path = CoffeshopFinder;
			sourceTree = "<group>";
		};
		388CCD472927BA2B0057763F /* Preview Content */ = {
			isa = PBXGroup;
			children = (
				388CCD482927BA2B0057763F /* Preview Assets.xcassets */,
			);
			path = "Preview Content";
			sourceTree = "<group>";
		};
		38BC21DB293B5269006DD310 /* View */ = {
			isa = PBXGroup;
			children = (
				38BC21E0293B52FF006DD310 /* DetailsView.swift */,
				38BC21E4293B5353006DD310 /* CoffeeshopListView.swift */,
			);
			path = View;
			sourceTree = "<group>";
		};
		38BC21DD293B5274006DD310 /* Model */ = {
			isa = PBXGroup;
			children = (
				38BC21EB293B9178006DD310 /* Coffeeshop.swift */,
			);
			path = Model;
			sourceTree = "<group>";
		};
/* End PBXGroup section */

/* Begin PBXNativeTarget section */
		388CCD3D2927BA280057763F /* CoffeshopFinder */ = {
			isa = PBXNativeTarget;
			buildConfigurationList = 388CCD4C2927BA2B0057763F /* Build configuration list for PBXNativeTarget "CoffeshopFinder" */;
			buildPhases = (
				388CCD3A2927BA280057763F /* Sources */,
				388CCD3B2927BA280057763F /* Frameworks */,
				388CCD3C2927BA280057763F /* Resources */,
			);
			buildRules = (
			);
			dependencies = (
			);
			name = CoffeshopFinder;
			packageProductDependencies = (
				38BC21E7293B61B7006DD310 /* ActivityView */,
				38BC21EE293B9530006DD310 /* CachedAsyncImage */,
			);
			productName = CoffeshopFinder;
			productReference = 388CCD3E2927BA280057763F /* CoffeshopFinder.app */;
			productType = "com.apple.product-type.application";
		};
/* End PBXNativeTarget section */

/* Begin PBXProject section */
		388CCD362927BA280057763F /* Project object */ = {
			isa = PBXProject;
			attributes = {
				BuildIndependentTargetsInParallel = 1;
				LastSwiftUpdateCheck = 1410;
				LastUpgradeCheck = 1410;
				TargetAttributes = {
					388CCD3D2927BA280057763F = {
						CreatedOnToolsVersion = 14.1;
					};
				};
			};
			buildConfigurationList = 388CCD392927BA280057763F /* Build configuration list for PBXProject "CoffeshopFinder" */;
			compatibilityVersion = "Xcode 14.0";
			developmentRegion = en;
			hasScannedForEncodings = 0;
			knownRegions = (
				en,
				Base,
			);
			mainGroup = 388CCD352927BA280057763F;
			packageReferences = (
				38BC21E6293B61B7006DD310 /* XCRemoteSwiftPackageReference "ActivityView" */,
				38BC21ED293B9530006DD310 /* XCRemoteSwiftPackageReference "swiftui-cached-async-image" */,
			);
			productRefGroup = 388CCD3F2927BA280057763F /* Products */;
			projectDirPath = "";
			projectRoot = "";
			targets = (
				388CCD3D2927BA280057763F /* CoffeshopFinder */,
			);
		};
/* End PBXProject section */

/* Begin PBXResourcesBuildPhase section */
		388CCD3C2927BA280057763F /* Resources */ = {
			isa = PBXResourcesBuildPhase;
			buildActionMask = 2147483647;
			files = (
				388CCD492927BA2B0057763F /* Preview Assets.xcassets in Resources */,
				388CCD462927BA2B0057763F /* Assets.xcassets in Resources */,
			);
			runOnlyForDeploymentPostprocessing = 0;
		};
/* End PBXResourcesBuildPhase section */

/* Begin PBXSourcesBuildPhase section */
		388CCD3A2927BA280057763F /* Sources */ = {
			isa = PBXSourcesBuildPhase;
			buildActionMask = 2147483647;
			files = (
				388CCD442927BA280057763F /* ContentView.swift in Sources */,
				388CCD422927BA280057763F /* CoffeshopFinderApp.swift in Sources */,
				38BC21E1293B52FF006DD310 /* DetailsView.swift in Sources */,
				38BC21E5293B5353006DD310 /* CoffeeshopListView.swift in Sources */,
				38BC21EC293B9178006DD310 /* Coffeeshop.swift in Sources */,
			);
			runOnlyForDeploymentPostprocessing = 0;
		};
/* End PBXSourcesBuildPhase section */

/* Begin XCBuildConfiguration section */
		388CCD4A2927BA2B0057763F /* Debug */ = {
			isa = XCBuildConfiguration;
			buildSettings = {
				ALWAYS_SEARCH_USER_PATHS = NO;
				CLANG_ANALYZER_NONNULL = YES;
				CLANG_ANALYZER_NUMBER_OBJECT_CONVERSION = YES_AGGRESSIVE;
				CLANG_CXX_LANGUAGE_STANDARD = "gnu++20";
				CLANG_ENABLE_MODULES = YES;
				CLANG_ENABLE_OBJC_ARC = YES;
				CLANG_ENABLE_OBJC_WEAK = YES;
				CLANG_WARN_BLOCK_CAPTURE_AUTORELEASING = YES;
				CLANG_WARN_BOOL_CONVERSION = YES;
				CLANG_WARN_COMMA = YES;
				CLANG_WARN_CONSTANT_CONVERSION = YES;
				CLANG_WARN_DEPRECATED_OBJC_IMPLEMENTATIONS = YES;
				CLANG_WARN_DIRECT_OBJC_ISA_USAGE = YES_ERROR;
				CLANG_WARN_DOCUMENTATION_COMMENTS = YES;
				CLANG_WARN_EMPTY_BODY = YES;
				CLANG_WARN_ENUM_CONVERSION = YES;
				CLANG_WARN_INFINITE_RECURSION = YES;
				CLANG_WARN_INT_CONVERSION = YES;
				CLANG_WARN_NON_LITERAL_NULL_CONVERSION = YES;
				CLANG_WARN_OBJC_IMPLICIT_RETAIN_SELF = YES;
				CLANG_WARN_OBJC_LITERAL_CONVERSION = YES;
				CLANG_WARN_OBJC_ROOT_CLASS = YES_ERROR;
				CLANG_WARN_QUOTED_INCLUDE_IN_FRAMEWORK_HEADER = YES;
				CLANG_WARN_RANGE_LOOP_ANALYSIS = YES;
				CLANG_WARN_STRICT_PROTOTYPES = YES;
				CLANG_WARN_SUSPICIOUS_MOVE = YES;
				CLANG_WARN_UNGUARDED_AVAILABILITY = YES_AGGRESSIVE;
				CLANG_WARN_UNREACHABLE_CODE = YES;
				CLANG_WARN__DUPLICATE_METHOD_MATCH = YES;
				COPY_PHASE_STRIP = NO;
				DEBUG_INFORMATION_FORMAT = dwarf;
				ENABLE_STRICT_OBJC_MSGSEND = YES;
				ENABLE_TESTABILITY = YES;
				GCC_C_LANGUAGE_STANDARD = gnu11;
				GCC_DYNAMIC_NO_PIC = NO;
				GCC_NO_COMMON_BLOCKS = YES;
				GCC_OPTIMIZATION_LEVEL = 0;
				GCC_PREPROCESSOR_DEFINITIONS = (
					"DEBUG=1",
					"$(inherited)",
				);
				GCC_WARN_64_TO_32_BIT_CONVERSION = YES;
				GCC_WARN_ABOUT_RETURN_TYPE = YES_ERROR;
				GCC_WARN_UNDECLARED_SELECTOR = YES;
				GCC_WARN_UNINITIALIZED_AUTOS = YES_AGGRESSIVE;
				GCC_WARN_UNUSED_FUNCTION = YES;
				GCC_WARN_UNUSED_VARIABLE = YES;
				IPHONEOS_DEPLOYMENT_TARGET = 16.1;
				MTL_ENABLE_DEBUG_INFO = INCLUDE_SOURCE;
				MTL_FAST_MATH = YES;
				ONLY_ACTIVE_ARCH = YES;
				SDKROOT = iphoneos;
				SWIFT_ACTIVE_COMPILATION_CONDITIONS = DEBUG;
				SWIFT_OPTIMIZATION_LEVEL = "-Onone";
			};
			name = Debug;
		};
		388CCD4B2927BA2B0057763F /* Release */ = {
			isa = XCBuildConfiguration;
			buildSettings = {
				ALWAYS_SEARCH_USER_PATHS = NO;
				CLANG_ANALYZER_NONNULL = YES;
				CLANG_ANALYZER_NUMBER_OBJECT_CONVERSION = YES_AGGRESSIVE;
				CLANG_CXX_LANGUAGE_STANDARD = "gnu++20";
				CLANG_ENABLE_MODULES = YES;
				CLANG_ENABLE_OBJC_ARC = YES;
				CLANG_ENABLE_OBJC_WEAK = YES;
				CLANG_WARN_BLOCK_CAPTURE_AUTORELEASING = YES;
				CLANG_WARN_BOOL_CONVERSION = YES;
				CLANG_WARN_COMMA = YES;
				CLANG_WARN_CONSTANT_CONVERSION = YES;
				CLANG_WARN_DEPRECATED_OBJC_IMPLEMENTATIONS = YES;
				CLANG_WARN_DIRECT_OBJC_ISA_USAGE = YES_ERROR;
				CLANG_WARN_DOCUMENTATION_COMMENTS = YES;
				CLANG_WARN_EMPTY_BODY = YES;
				CLANG_WARN_ENUM_CONVERSION = YES;
				CLANG_WARN_INFINITE_RECURSION = YES;
				CLANG_WARN_INT_CONVERSION = YES;
				CLANG_WARN_NON_LITERAL_NULL_CONVERSION = YES;
				CLANG_WARN_OBJC_IMPLICIT_RETAIN_SELF = YES;
				CLANG_WARN_OBJC_LITERAL_CONVERSION = YES;
				CLANG_WARN_OBJC_ROOT_CLASS = YES_ERROR;
				CLANG_WARN_QUOTED_INCLUDE_IN_FRAMEWORK_HEADER = YES;
				CLANG_WARN_RANGE_LOOP_ANALYSIS = YES;
				CLANG_WARN_STRICT_PROTOTYPES = YES;
				CLANG_WARN_SUSPICIOUS_MOVE = YES;
				CLANG_WARN_UNGUARDED_AVAILABILITY = YES_AGGRESSIVE;
				CLANG_WARN_UNREACHABLE_CODE = YES;
				CLANG_WARN__DUPLICATE_METHOD_MATCH = YES;
				COPY_PHASE_STRIP = NO;
				DEBUG_INFORMATION_FORMAT = "dwarf-with-dsym";
				ENABLE_NS_ASSERTIONS = NO;
				ENABLE_STRICT_OBJC_MSGSEND = YES;
				GCC_C_LANGUAGE_STANDARD = gnu11;
				GCC_NO_COMMON_BLOCKS = YES;
				GCC_WARN_64_TO_32_BIT_CONVERSION = YES;
				GCC_WARN_ABOUT_RETURN_TYPE = YES_ERROR;
				GCC_WARN_UNDECLARED_SELECTOR = YES;
				GCC_WARN_UNINITIALIZED_AUTOS = YES_AGGRESSIVE;
				GCC_WARN_UNUSED_FUNCTION = YES;
				GCC_WARN_UNUSED_VARIABLE = YES;
				IPHONEOS_DEPLOYMENT_TARGET = 16.1;
				MTL_ENABLE_DEBUG_INFO = NO;
				MTL_FAST_MATH = YES;
				SDKROOT = iphoneos;
				SWIFT_COMPILATION_MODE = wholemodule;
				SWIFT_OPTIMIZATION_LEVEL = "-O";
				VALIDATE_PRODUCT = YES;
			};
			name = Release;
		};
		388CCD4D2927BA2B0057763F /* Debug */ = {
			isa = XCBuildConfiguration;
			buildSettings = {
				ASSETCATALOG_COMPILER_APPICON_NAME = AppIcon;
				ASSETCATALOG_COMPILER_GLOBAL_ACCENT_COLOR_NAME = AccentColor;
				CODE_SIGN_STYLE = Automatic;
				CURRENT_PROJECT_VERSION = 1;
				DEVELOPMENT_ASSET_PATHS = "\"CoffeshopFinder/Preview Content\"";
				ENABLE_PREVIEWS = YES;
				GENERATE_INFOPLIST_FILE = YES;
				INFOPLIST_KEY_UIApplicationSceneManifest_Generation = YES;
				INFOPLIST_KEY_UIApplicationSupportsIndirectInputEvents = YES;
				INFOPLIST_KEY_UILaunchScreen_Generation = YES;
				INFOPLIST_KEY_UISupportedInterfaceOrientations_iPad = "UIInterfaceOrientationPortrait UIInterfaceOrientationPortraitUpsideDown UIInterfaceOrientationLandscapeLeft UIInterfaceOrientationLandscapeRight";
				INFOPLIST_KEY_UISupportedInterfaceOrientations_iPhone = "UIInterfaceOrientationPortrait UIInterfaceOrientationLandscapeLeft UIInterfaceOrientationLandscapeRight";
				LD_RUNPATH_SEARCH_PATHS = (
					"$(inherited)",
					"@executable_path/Frameworks",
				);
				MARKETING_VERSION = 1.0;
				PRODUCT_BUNDLE_IDENTIFIER = com.dion.CoffeshopFinder;
				PRODUCT_NAME = "$(TARGET_NAME)";
				SWIFT_EMIT_LOC_STRINGS = YES;
				SWIFT_VERSION = 5.0;
				TARGETED_DEVICE_FAMILY = "1,2";
			};
			name = Debug;
		};
		388CCD4E2927BA2B0057763F /* Release */ = {
			isa = XCBuildConfiguration;
			buildSettings = {
				ASSETCATALOG_COMPILER_APPICON_NAME = AppIcon;
				ASSETCATALOG_COMPILER_GLOBAL_ACCENT_COLOR_NAME = AccentColor;
				CODE_SIGN_STYLE = Automatic;
				CURRENT_PROJECT_VERSION = 1;
				DEVELOPMENT_ASSET_PATHS = "\"CoffeshopFinder/Preview Content\"";
				ENABLE_PREVIEWS = YES;
				GENERATE_INFOPLIST_FILE = YES;
				INFOPLIST_KEY_UIApplicationSceneManifest_Generation = YES;
				INFOPLIST_KEY_UIApplicationSupportsIndirectInputEvents = YES;
				INFOPLIST_KEY_UILaunchScreen_Generation = YES;
				INFOPLIST_KEY_UISupportedInterfaceOrientations_iPad = "UIInterfaceOrientationPortrait UIInterfaceOrientationPortraitUpsideDown UIInterfaceOrientationLandscapeLeft UIInterfaceOrientationLandscapeRight";
				INFOPLIST_KEY_UISupportedInterfaceOrientations_iPhone = "UIInterfaceOrientationPortrait UIInterfaceOrientationLandscapeLeft UIInterfaceOrientationLandscapeRight";
				LD_RUNPATH_SEARCH_PATHS = (
					"$(inherited)",
					"@executable_path/Frameworks",
				);
				MARKETING_VERSION = 1.0;
				PRODUCT_BUNDLE_IDENTIFIER = com.dion.CoffeshopFinder;
				PRODUCT_NAME = "$(TARGET_NAME)";
				SWIFT_EMIT_LOC_STRINGS = YES;
				SWIFT_VERSION = 5.0;
				TARGETED_DEVICE_FAMILY = "1,2";
			};
			name = Release;
		};
/* End XCBuildConfiguration section */

/* Begin XCConfigurationList section */
		388CCD392927BA280057763F /* Build configuration list for PBXProject "CoffeshopFinder" */ = {
			isa = XCConfigurationList;
			buildConfigurations = (
				388CCD4A2927BA2B0057763F /* Debug */,
				388CCD4B2927BA2B0057763F /* Release */,
			);
			defaultConfigurationIsVisible = 0;
			defaultConfigurationName = Release;
		};
		388CCD4C2927BA2B0057763F /* Build configuration list for PBXNativeTarget "CoffeshopFinder" */ = {
			isa = XCConfigurationList;
			buildConfigurations = (
				388CCD4D2927BA2B0057763F /* Debug */,
				388CCD4E2927BA2B0057763F /* Release */,
			);
			defaultConfigurationIsVisible = 0;
			defaultConfigurationName = Release;
		};
/* End XCConfigurationList section */

/* Begin XCRemoteSwiftPackageReference section */
		38BC21E6293B61B7006DD310 /* XCRemoteSwiftPackageReference "ActivityView" */ = {
			isa = XCRemoteSwiftPackageReference;
			repositoryURL = "https://github.com/SwiftUI-Plus/ActivityView";
			requirement = {
				kind = upToNextMajorVersion;
				minimumVersion = 1.0.0;
			};
		};
		38BC21ED293B9530006DD310 /* XCRemoteSwiftPackageReference "swiftui-cached-async-image" */ = {
			isa = XCRemoteSwiftPackageReference;
			repositoryURL = "https://github.com/lorenzofiamingo/swiftui-cached-async-image";
			requirement = {
				kind = upToNextMajorVersion;
				minimumVersion = 2.0.0;
			};
		};
/* End XCRemoteSwiftPackageReference section */

/* Begin XCSwiftPackageProductDependency section */
		38BC21E7293B61B7006DD310 /* ActivityView */ = {
			isa = XCSwiftPackageProductDependency;
			package = 38BC21E6293B61B7006DD310 /* XCRemoteSwiftPackageReference "ActivityView" */;
			productName = ActivityView;
		};
		38BC21EE293B9530006DD310 /* CachedAsyncImage */ = {
			isa = XCSwiftPackageProductDependency;
			package = 38BC21ED293B9530006DD310 /* XCRemoteSwiftPackageReference "swiftui-cached-async-image" */;
			productName = CachedAsyncImage;
		};
/* End XCSwiftPackageProductDependency section */
	};
	rootObject = 388CCD362927BA280057763F /* Project object */;
}
